
Microsoft Visual Studio Solution File, Format Version 12.00
# Visual Studio 14
VisualStudioVersion = 14.0.25420.1
MinimumVisualStudioVersion = 10.0.40219.1
Project("{FAE04EC0-301F-11D3-BF4B-00C04F79EFBC}") = "Game Escape From Lab", "Game Escape From Lab\Game Escape From Lab.csproj", "{0864D576-3D3C-4FCE-8743-C184D3CFBBAC}"
EndProject
Global
	GlobalSection(SolutionConfigurationPlatforms) = preSolution
		Debug|Any CPU = Debug|Any CPU
		Release|Any CPU = Release|Any CPU
	EndGlobalSection
	GlobalSection(ProjectConfigurationPlatforms) = postSolution
		{0864D576-3D3C-4FCE-8743-C184D3CFBBAC}.Debug|Any CPU.ActiveCfg = Debug|Any CPU
		{0864D576-3D3C-4FCE-8743-C184D3CFBBAC}.Debug|Any CPU.Build.0 = Debug|Any CPU
		{0864D576-3D3C-4FCE-8743-C184D3CFBBAC}.Release|Any CPU.ActiveCfg = Release|Any CPU
		{0864D576-3D3C-4FCE-8743-C184D3CFBBAC}.Release|Any CPU.Build.0 = Release|Any CPU
	EndGlobalSection
	GlobalSection(SolutionProperties) = preSolution
		HideSolutionNode = FALSE
	EndGlobalSection
EndGlobal
